
Microsoft Visual Studio Solution File, Format Version 12.00
# Visual Studio 15
VisualStudioVersion = 15.0.26124.0
MinimumVisualStudioVersion = 15.0.26124.0
Project("{2150E333-8FDC-42A3-9474-1A3956D46DE8}") = "src", "src", "{BE465DFE-313E-4335-850E-AA1D8001DA68}"
EndProject
Project("{2150E333-8FDC-42A3-9474-1A3956D46DE8}") = "DDD", "DDD", "{77261BFB-18E7-4EEA-AA48-E512761B876B}"
EndProject
Project("{FAE04EC0-301F-11D3-BF4B-00C04F79EFBC}") = "AbstractCore.DDD.Core", "src\DDD\AbstractCore.DDD.Core\AbstractCore.DDD.Core.csproj", "{42E13029-9BCB-448D-A9F4-CAA067965651}"
EndProject
Project("{2150E333-8FDC-42A3-9474-1A3956D46DE8}") = "sample", "sample", "{0AFA9FAB-6C16-4699-8EDA-0CC84808999D}"
EndProject
Project("{FAE04EC0-301F-11D3-BF4B-00C04F79EFBC}") = "AbstractCore.DDD.Sample", "sample\DDD\AbstractCore.DDD.Sample\AbstractCore.DDD.Sample.csproj", "{D8A5CBDE-7307-4908-AE40-138DCB3FD62F}"
EndProject
Global
	GlobalSection(SolutionConfigurationPlatforms) = preSolution
		Debug|Any CPU = Debug|Any CPU
		Debug|x64 = Debug|x64
		Debug|x86 = Debug|x86
		Release|Any CPU = Release|Any CPU
		Release|x64 = Release|x64
		Release|x86 = Release|x86
	EndGlobalSection
	GlobalSection(ProjectConfigurationPlatforms) = postSolution
		{42E13029-9BCB-448D-A9F4-CAA067965651}.Debug|Any CPU.ActiveCfg = Debug|Any CPU
		{42E13029-9BCB-448D-A9F4-CAA067965651}.Debug|Any CPU.Build.0 = Debug|Any CPU
		{42E13029-9BCB-448D-A9F4-CAA067965651}.Debug|x64.ActiveCfg = Debug|Any CPU
		{42E13029-9BCB-448D-A9F4-CAA067965651}.Debug|x64.Build.0 = Debug|Any CPU
		{42E13029-9BCB-448D-A9F4-CAA067965651}.Debug|x86.ActiveCfg = Debug|Any CPU
		{42E13029-9BCB-448D-A9F4-CAA067965651}.Debug|x86.Build.0 = Debug|Any CPU
		{42E13029-9BCB-448D-A9F4-CAA067965651}.Release|Any CPU.ActiveCfg = Release|Any CPU
		{42E13029-9BCB-448D-A9F4-CAA067965651}.Release|Any CPU.Build.0 = Release|Any CPU
		{42E13029-9BCB-448D-A9F4-CAA067965651}.Release|x64.ActiveCfg = Release|Any CPU
		{42E13029-9BCB-448D-A9F4-CAA067965651}.Release|x64.Build.0 = Release|Any CPU
		{42E13029-9BCB-448D-A9F4-CAA067965651}.Release|x86.ActiveCfg = Release|Any CPU
		{42E13029-9BCB-448D-A9F4-CAA067965651}.Release|x86.Build.0 = Release|Any CPU
		{D8A5CBDE-7307-4908-AE40-138DCB3FD62F}.Debug|Any CPU.ActiveCfg = Debug|Any CPU
		{D8A5CBDE-7307-4908-AE40-138DCB3FD62F}.Debug|Any CPU.Build.0 = Debug|Any CPU
		{D8A5CBDE-7307-4908-AE40-138DCB3FD62F}.Debug|x64.ActiveCfg = Debug|Any CPU
		{D8A5CBDE-7307-4908-AE40-138DCB3FD62F}.Debug|x64.Build.0 = Debug|Any CPU
		{D8A5CBDE-7307-4908-AE40-138DCB3FD62F}.Debug|x86.ActiveCfg = Debug|Any CPU
		{D8A5CBDE-7307-4908-AE40-138DCB3FD62F}.Debug|x86.Build.0 = Debug|Any CPU
		{D8A5CBDE-7307-4908-AE40-138DCB3FD62F}.Release|Any CPU.ActiveCfg = Release|Any CPU
		{D8A5CBDE-7307-4908-AE40-138DCB3FD62F}.Release|Any CPU.Build.0 = Release|Any CPU
		{D8A5CBDE-7307-4908-AE40-138DCB3FD62F}.Release|x64.ActiveCfg = Release|Any CPU
		{D8A5CBDE-7307-4908-AE40-138DCB3FD62F}.Release|x64.Build.0 = Release|Any CPU
		{D8A5CBDE-7307-4908-AE40-138DCB3FD62F}.Release|x86.ActiveCfg = Release|Any CPU
		{D8A5CBDE-7307-4908-AE40-138DCB3FD62F}.Release|x86.Build.0 = Release|Any CPU
	EndGlobalSection
	GlobalSection(SolutionProperties) = preSolution
		HideSolutionNode = FALSE
	EndGlobalSection
	GlobalSection(NestedProjects) = preSolution
		{77261BFB-18E7-4EEA-AA48-E512761B876B} = {BE465DFE-313E-4335-850E-AA1D8001DA68}
		{42E13029-9BCB-448D-A9F4-CAA067965651} = {77261BFB-18E7-4EEA-AA48-E512761B876B}
		{D8A5CBDE-7307-4908-AE40-138DCB3FD62F} = {0AFA9FAB-6C16-4699-8EDA-0CC84808999D}
	EndGlobalSection
	GlobalSection(ExtensibilityGlobals) = postSolution
		SolutionGuid = {94523A2E-F256-40A9-99B1-84E4A2F61FB3}
	EndGlobalSection
EndGlobal
